// !$*UTF8*$!
{
	archiveVersion = 1;
	classes = {
	};
	objectVersion = 46;
	objects = {

/* Begin PBXBuildFile section */
		738CF3981E8C5666007BEF1E /* AppDelegate.swift in Sources */ = {isa = PBXBuildFile; fileRef = 738CF3971E8C5666007BEF1E /* AppDelegate.swift */; };
		738CF39A1E8C5666007BEF1E /* ViewController.swift in Sources */ = {isa = PBXBuildFile; fileRef = 738CF3991E8C5666007BEF1E /* ViewController.swift */; };
		738CF39D1E8C5666007BEF1E /* Main.storyboard in Resources */ = {isa = PBXBuildFile; fileRef = 738CF39B1E8C5666007BEF1E /* Main.storyboard */; };
		738CF39F1E8C5666007BEF1E /* Assets.xcassets in Resources */ = {isa = PBXBuildFile; fileRef = 738CF39E1E8C5666007BEF1E /* Assets.xcassets */; };
		738CF3A21E8C5666007BEF1E /* LaunchScreen.storyboard in Resources */ = {isa = PBXBuildFile; fileRef = 738CF3A01E8C5666007BEF1E /* LaunchScreen.storyboard */; };
		C16D3D3D025140E2BB3A4D55 /* Pods_swipe_emoji_sample.framework in Frameworks */ = {isa = PBXBuildFile; fileRef = 007D45E67199D0B00D3F747A /* Pods_swipe_emoji_sample.framework */; };
/* End PBXBuildFile section */

/* Begin PBXFileReference section */
		007D45E67199D0B00D3F747A /* Pods_swipe_emoji_sample.framework */ = {isa = PBXFileReference; explicitFileType = wrapper.framework; includeInIndex = 0; path = Pods_swipe_emoji_sample.framework; sourceTree = BUILT_PRODUCTS_DIR; };
		738CF3941E8C5666007BEF1E /* swipe-emoji-sample.app */ = {isa = PBXFileReference; explicitFileType = wrapper.application; includeInIndex = 0; path = "swipe-emoji-sample.app"; sourceTree = BUILT_PRODUCTS_DIR; };
		738CF3971E8C5666007BEF1E /* AppDelegate.swift */ = {isa = PBXFileReference; lastKnownFileType = sourcecode.swift; path = AppDelegate.swift; sourceTree = "<group>"; };
		738CF3991E8C5666007BEF1E /* ViewController.swift */ = {isa = PBXFileReference; lastKnownFileType = sourcecode.swift; path = ViewController.swift; sourceTree = "<group>"; };
		738CF39C1E8C5666007BEF1E /* Base */ = {isa = PBXFileReference; lastKnownFileType = file.storyboard; name = Base; path = Base.lproj/Main.storyboard; sourceTree = "<group>"; };
		738CF39E1E8C5666007BEF1E /* Assets.xcassets */ = {isa = PBXFileReference; lastKnownFileType = folder.assetcatalog; path = Assets.xcassets; sourceTree = "<group>"; };
		738CF3A11E8C5666007BEF1E /* Base */ = {isa = PBXFileReference; lastKnownFileType = file.storyboard; name = Base; path = Base.lproj/LaunchScreen.storyboard; sourceTree = "<group>"; };
		738CF3A31E8C5666007BEF1E /* Info.plist */ = {isa = PBXFileReference; lastKnownFileType = text.plist.xml; path = Info.plist; sourceTree = "<group>"; };
		D143EB03F8631A8E18B384B5 /* Pods-swipe-emoji-sample.debug.xcconfig */ = {isa = PBXFileReference; includeInIndex = 1; lastKnownFileType = text.xcconfig; name = "Pods-swipe-emoji-sample.debug.xcconfig"; path = "Pods/Target Support Files/Pods-swipe-emoji-sample/Pods-swipe-emoji-sample.debug.xcconfig"; sourceTree = "<group>"; };
		D42E5B0601B619A23A3FD177 /* Pods-swipe-emoji-sample.release.xcconfig */ = {isa = PBXFileReference; includeInIndex = 1; lastKnownFileType = text.xcconfig; name = "Pods-swipe-emoji-sample.release.xcconfig"; path = "Pods/Target Support Files/Pods-swipe-emoji-sample/Pods-swipe-emoji-sample.release.xcconfig"; sourceTree = "<group>"; };
/* End PBXFileReference section */

/* Begin PBXFrameworksBuildPhase section */
		738CF3911E8C5666007BEF1E /* Frameworks */ = {
			isa = PBXFrameworksBuildPhase;
			buildActionMask = 2147483647;
			files = (
				C16D3D3D025140E2BB3A4D55 /* Pods_swipe_emoji_sample.framework in Frameworks */,
			);
			runOnlyForDeploymentPostprocessing = 0;
		};
/* End PBXFrameworksBuildPhase section */

/* Begin PBXGroup section */
		31553C9A845C33FDE633E3FB /* Pods */ = {
			isa = PBXGroup;
			children = (
				D143EB03F8631A8E18B384B5 /* Pods-swipe-emoji-sample.debug.xcconfig */,
				D42E5B0601B619A23A3FD177 /* Pods-swipe-emoji-sample.release.xcconfig */,
			);
			name = Pods;
			sourceTree = "<group>";
		};
		38FE89860C367011308BD6DC /* Frameworks */ = {
			isa = PBXGroup;
			children = (
				007D45E67199D0B00D3F747A /* Pods_swipe_emoji_sample.framework */,
			);
			name = Frameworks;
			sourceTree = "<group>";
		};
		738CF38B1E8C5666007BEF1E = {
			isa = PBXGroup;
			children = (
				738CF3961E8C5666007BEF1E /* swipe-emoji-sample */,
				738CF3951E8C5666007BEF1E /* Products */,
				31553C9A845C33FDE633E3FB /* Pods */,
				38FE89860C367011308BD6DC /* Frameworks */,
			);
			sourceTree = "<group>";
		};
		738CF3951E8C5666007BEF1E /* Products */ = {
			isa = PBXGroup;
			children = (
				738CF3941E8C5666007BEF1E /* swipe-emoji-sample.app */,
			);
			name = Products;
			sourceTree = "<group>";
		};
		738CF3961E8C5666007BEF1E /* swipe-emoji-sample */ = {
			isa = PBXGroup;
			children = (
				738CF3971E8C5666007BEF1E /* AppDelegate.swift */,
				738CF3991E8C5666007BEF1E /* ViewController.swift */,
				738CF39B1E8C5666007BEF1E /* Main.storyboard */,
				738CF39E1E8C5666007BEF1E /* Assets.xcassets */,
				738CF3A01E8C5666007BEF1E /* LaunchScreen.storyboard */,
				738CF3A31E8C5666007BEF1E /* Info.plist */,
			);
			path = "swipe-emoji-sample";
			sourceTree = "<group>";
		};
/* End PBXGroup section */

/* Begin PBXNativeTarget section */
		738CF3931E8C5666007BEF1E /* swipe-emoji-sample */ = {
			isa = PBXNativeTarget;
			buildConfigurationList = 738CF3A61E8C5666007BEF1E /* Build configuration list for PBXNativeTarget "swipe-emoji-sample" */;
			buildPhases = (
				40F0EFF0725959C2592E21ED /* [CP] Check Pods Manifest.lock */,
				738CF3901E8C5666007BEF1E /* Sources */,
				738CF3911E8C5666007BEF1E /* Frameworks */,
				738CF3921E8C5666007BEF1E /* Resources */,
				AB593826E3744A2FB9B38C78 /* [CP] Embed Pods Frameworks */,
				583B99C80976334AF07F150F /* [CP] Copy Pods Resources */,
			);
			buildRules = (
			);
			dependencies = (
			);
			name = "swipe-emoji-sample";
			productName = "swipe-emoji-sample";
			productReference = 738CF3941E8C5666007BEF1E /* swipe-emoji-sample.app */;
			productType = "com.apple.product-type.application";
		};
/* End PBXNativeTarget section */

/* Begin PBXProject section */
		738CF38C1E8C5666007BEF1E /* Project object */ = {
			isa = PBXProject;
			attributes = {
				LastSwiftUpdateCheck = 0800;
				LastUpgradeCheck = 0800;
				ORGANIZATIONNAME = "Zack Esm";
				TargetAttributes = {
					738CF3931E8C5666007BEF1E = {
						CreatedOnToolsVersion = 8.0;
						DevelopmentTeam = C7ZHWME98V;
						ProvisioningStyle = Automatic;
					};
				};
			};
			buildConfigurationList = 738CF38F1E8C5666007BEF1E /* Build configuration list for PBXProject "swipe-emoji-sample" */;
			compatibilityVersion = "Xcode 3.2";
			developmentRegion = English;
			hasScannedForEncodings = 0;
			knownRegions = (
				en,
				Base,
			);
			mainGroup = 738CF38B1E8C5666007BEF1E;
			productRefGroup = 738CF3951E8C5666007BEF1E /* Products */;
			projectDirPath = "";
			projectRoot = "";
			targets = (
				738CF3931E8C5666007BEF1E /* swipe-emoji-sample */,
			);
		};
/* End PBXProject section */

/* Begin PBXResourcesBuildPhase section */
		738CF3921E8C5666007BEF1E /* Resources */ = {
			isa = PBXResourcesBuildPhase;
			buildActionMask = 2147483647;
			files = (
				738CF3A21E8C5666007BEF1E /* LaunchScreen.storyboard in Resources */,
				738CF39F1E8C5666007BEF1E /* Assets.xcassets in Resources */,
				738CF39D1E8C5666007BEF1E /* Main.storyboard in Resources */,
			);
			runOnlyForDeploymentPostprocessing = 0;
		};
/* End PBXResourcesBuildPhase section */

/* Begin PBXShellScriptBuildPhase section */
		40F0EFF0725959C2592E21ED /* [CP] Check Pods Manifest.lock */ = {
			isa = PBXShellScriptBuildPhase;
			buildActionMask = 2147483647;
			files = (
			);
			inputPaths = (
			);
			name = "[CP] Check Pods Manifest.lock";
			outputPaths = (
			);
			runOnlyForDeploymentPostprocessing = 0;
			shellPath = /bin/sh;
			shellScript = "diff \"${PODS_ROOT}/../Podfile.lock\" \"${PODS_ROOT}/Manifest.lock\" > /dev/null\nif [ $? != 0 ] ; then\n    # print error to STDERR\n    echo \"error: The sandbox is not in sync with the Podfile.lock. Run 'pod install' or update your CocoaPods installation.\" >&2\n    exit 1\nfi\n";
			showEnvVarsInLog = 0;
		};
		583B99C80976334AF07F150F /* [CP] Copy Pods Resources */ = {
			isa = PBXShellScriptBuildPhase;
			buildActionMask = 2147483647;
			files = (
			);
			inputPaths = (
			);
			name = "[CP] Copy Pods Resources";
			outputPaths = (
			);
			runOnlyForDeploymentPostprocessing = 0;
			shellPath = /bin/sh;
			shellScript = "\"${SRCROOT}/Pods/Target Support Files/Pods-swipe-emoji-sample/Pods-swipe-emoji-sample-resources.sh\"\n";
			showEnvVarsInLog = 0;
		};
		AB593826E3744A2FB9B38C78 /* [CP] Embed Pods Frameworks */ = {
			isa = PBXShellScriptBuildPhase;
			buildActionMask = 2147483647;
			files = (
			);
			inputPaths = (
			);
			name = "[CP] Embed Pods Frameworks";
			outputPaths = (
			);
			runOnlyForDeploymentPostprocessing = 0;
			shellPath = /bin/sh;
			shellScript = "\"${SRCROOT}/Pods/Target Support Files/Pods-swipe-emoji-sample/Pods-swipe-emoji-sample-frameworks.sh\"\n";
			showEnvVarsInLog = 0;
		};
/* End PBXShellScriptBuildPhase section */

/* Begin PBXSourcesBuildPhase section */
		738CF3901E8C5666007BEF1E /* Sources */ = {
			isa = PBXSourcesBuildPhase;
			buildActionMask = 2147483647;
			files = (
				738CF39A1E8C5666007BEF1E /* ViewController.swift in Sources */,
				738CF3981E8C5666007BEF1E /* AppDelegate.swift in Sources */,
			);
			runOnlyForDeploymentPostprocessing = 0;
		};
/* End PBXSourcesBuildPhase section */

/* Begin PBXVariantGroup section */
		738CF39B1E8C5666007BEF1E /* Main.storyboard */ = {
			isa = PBXVariantGroup;
			children = (
				738CF39C1E8C5666007BEF1E /* Base */,
			);
			name = Main.storyboard;
			sourceTree = "<group>";
		};
		738CF3A01E8C5666007BEF1E /* LaunchScreen.storyboard */ = {
			isa = PBXVariantGroup;
			children = (
				738CF3A11E8C5666007BEF1E /* Base */,
			);
			name = LaunchScreen.storyboard;
			sourceTree = "<group>";
		};
/* End PBXVariantGroup section */

/* Begin XCBuildConfiguration section */
		738CF3A41E8C5666007BEF1E /* Debug */ = {
			isa = XCBuildConfiguration;
			buildSettings = {
				ALWAYS_SEARCH_USER_PATHS = NO;
				CLANG_ANALYZER_NONNULL = YES;
				CLANG_CXX_LANGUAGE_STANDARD = "gnu++0x";
				CLANG_CXX_LIBRARY = "libc++";
				CLANG_ENABLE_MODULES = YES;
				CLANG_ENABLE_OBJC_ARC = YES;
				CLANG_WARN_BOOL_CONVERSION = YES;
				CLANG_WARN_CONSTANT_CONVERSION = YES;
				CLANG_WARN_DIRECT_OBJC_ISA_USAGE = YES_ERROR;
				CLANG_WARN_DOCUMENTATION_COMMENTS = YES;
				CLANG_WARN_EMPTY_BODY = YES;
				CLANG_WARN_ENUM_CONVERSION = YES;
				CLANG_WARN_INFINITE_RECURSION = YES;
				CLANG_WARN_INT_CONVERSION = YES;
				CLANG_WARN_OBJC_ROOT_CLASS = YES_ERROR;
				CLANG_WARN_SUSPICIOUS_MOVES = YES;
				CLANG_WARN_UNREACHABLE_CODE = YES;
				CLANG_WARN__DUPLICATE_METHOD_MATCH = YES;
				"CODE_SIGN_IDENTITY[sdk=iphoneos*]" = "iPhone Developer";
				COPY_PHASE_STRIP = NO;
				DEBUG_INFORMATION_FORMAT = dwarf;
				ENABLE_STRICT_OBJC_MSGSEND = YES;
				ENABLE_TESTABILITY = YES;
				GCC_C_LANGUAGE_STANDARD = gnu99;
				GCC_DYNAMIC_NO_PIC = NO;
				GCC_NO_COMMON_BLOCKS = YES;
				GCC_OPTIMIZATION_LEVEL = 0;
				GCC_PREPROCESSOR_DEFINITIONS = (
					"DEBUG=1",
					"$(inherited)",
				);
				GCC_WARN_64_TO_32_BIT_CONVERSION = YES;
				GCC_WARN_ABOUT_RETURN_TYPE = YES_ERROR;
				GCC_WARN_UNDECLARED_SELECTOR = YES;
				GCC_WARN_UNINITIALIZED_AUTOS = YES_AGGRESSIVE;
				GCC_WARN_UNUSED_FUNCTION = YES;
				GCC_WARN_UNUSED_VARIABLE = YES;
				IPHONEOS_DEPLOYMENT_TARGET = 10.0;
				MTL_ENABLE_DEBUG_INFO = YES;
				ONLY_ACTIVE_ARCH = YES;
				SDKROOT = iphoneos;
				SWIFT_ACTIVE_COMPILATION_CONDITIONS = DEBUG;
				SWIFT_OPTIMIZATION_LEVEL = "-Onone";
				TARGETED_DEVICE_FAMILY = "1,2";
			};
			name = Debug;
		};
		738CF3A51E8C5666007BEF1E /* Release */ = {
			isa = XCBuildConfiguration;
			buildSettings = {
				ALWAYS_SEARCH_USER_PATHS = NO;
				CLANG_ANALYZER_NONNULL = YES;
				CLANG_CXX_LANGUAGE_STANDARD = "gnu++0x";
				CLANG_CXX_LIBRARY = "libc++";
				CLANG_ENABLE_MODULES = YES;
				CLANG_ENABLE_OBJC_ARC = YES;
				CLANG_WARN_BOOL_CONVERSION = YES;
				CLANG_WARN_CONSTANT_CONVERSION = YES;
				CLANG_WARN_DIRECT_OBJC_ISA_USAGE = YES_ERROR;
				CLANG_WARN_DOCUMENTATION_COMMENTS = YES;
				CLANG_WARN_EMPTY_BODY = YES;
				CLANG_WARN_ENUM_CONVERSION = YES;
				CLANG_WARN_INFINITE_RECURSION = YES;
				CLANG_WARN_INT_CONVERSION = YES;
				CLANG_WARN_OBJC_ROOT_CLASS = YES_ERROR;
				CLANG_WARN_SUSPICIOUS_MOVES = YES;
				CLANG_WARN_UNREACHABLE_CODE = YES;
				CLANG_WARN__DUPLICATE_METHOD_MATCH = YES;
				"CODE_SIGN_IDENTITY[sdk=iphoneos*]" = "iPhone Developer";
				COPY_PHASE_STRIP = NO;
				DEBUG_INFORMATION_FORMAT = "dwarf-with-dsym";
				ENABLE_NS_ASSERTIONS = NO;
				ENABLE_STRICT_OBJC_MSGSEND = YES;
				GCC_C_LANGUAGE_STANDARD = gnu99;
				GCC_NO_COMMON_BLOCKS = YES;
				GCC_WARN_64_TO_32_BIT_CONVERSION = YES;
				GCC_WARN_ABOUT_RETURN_TYPE = YES_ERROR;
				GCC_WARN_UNDECLARED_SELECTOR = YES;
				GCC_WARN_UNINITIALIZED_AUTOS = YES_AGGRESSIVE;
				GCC_WARN_UNUSED_FUNCTION = YES;
				GCC_WARN_UNUSED_VARIABLE = YES;
				IPHONEOS_DEPLOYMENT_TARGET = 10.0;
				MTL_ENABLE_DEBUG_INFO = NO;
				SDKROOT = iphoneos;
				SWIFT_OPTIMIZATION_LEVEL = "-Owholemodule";
				TARGETED_DEVICE_FAMILY = "1,2";
				VALIDATE_PRODUCT = YES;
			};
			name = Release;
		};
		738CF3A71E8C5666007BEF1E /* Debug */ = {
			isa = XCBuildConfiguration;
			baseConfigurationReference = D143EB03F8631A8E18B384B5 /* Pods-swipe-emoji-sample.debug.xcconfig */;
			buildSettings = {
				ASSETCATALOG_COMPILER_APPICON_NAME = AppIcon;
				DEVELOPMENT_TEAM = C7ZHWME98V;
				INFOPLIST_FILE = "swipe-emoji-sample/Info.plist";
				LD_RUNPATH_SEARCH_PATHS = "$(inherited) @executable_path/Frameworks";
				PRODUCT_BUNDLE_IDENTIFIER = "com.zackesm.swipe-emoji-sample";
				PRODUCT_NAME = "$(TARGET_NAME)";
				SWIFT_VERSION = 3.0;
			};
			name = Debug;
		};
		738CF3A81E8C5666007BEF1E /* Release */ = {
			isa = XCBuildConfiguration;
			baseConfigurationReference = D42E5B0601B619A23A3FD177 /* Pods-swipe-emoji-sample.release.xcconfig */;
			buildSettings = {
				ASSETCATALOG_COMPILER_APPICON_NAME = AppIcon;
				DEVELOPMENT_TEAM = C7ZHWME98V;
				INFOPLIST_FILE = "swipe-emoji-sample/Info.plist";
				LD_RUNPATH_SEARCH_PATHS = "$(inherited) @executable_path/Frameworks";
				PRODUCT_BUNDLE_IDENTIFIER = "com.zackesm.swipe-emoji-sample";
				PRODUCT_NAME = "$(TARGET_NAME)";
				SWIFT_VERSION = 3.0;
			};
			name = Release;
		};
/* End XCBuildConfiguration section */

/* Begin XCConfigurationList section */
		738CF38F1E8C5666007BEF1E /* Build configuration list for PBXProject "swipe-emoji-sample" */ = {
			isa = XCConfigurationList;
			buildConfigurations = (
				738CF3A41E8C5666007BEF1E /* Debug */,
				738CF3A51E8C5666007BEF1E /* Release */,
			);
			defaultConfigurationIsVisible = 0;
			defaultConfigurationName = Release;
		};
		738CF3A61E8C5666007BEF1E /* Build configuration list for PBXNativeTarget "swipe-emoji-sample" */ = {
			isa = XCConfigurationList;
			buildConfigurations = (
				738CF3A71E8C5666007BEF1E /* Debug */,
				738CF3A81E8C5666007BEF1E /* Release */,
			);
			defaultConfigurationIsVisible = 0;
			defaultConfigurationName = Release;
		};
/* End XCConfigurationList section */
	};
	rootObject = 738CF38C1E8C5666007BEF1E /* Project object */;
}
